
Microsoft Visual Studio Solution File, Format Version 12.00
# Visual Studio 15
VisualStudioVersion = 15.0.28307.136
MinimumVisualStudioVersion = 10.0.40219.1
Project("{FAE04EC0-301F-11D3-BF4B-00C04F79EFBC}") = "LogSender", "LogSender\LogSender.csproj", "{5249158D-AA1A-4ACA-8559-C2E6B2D20090}"
EndProject
Global
	GlobalSection(SolutionConfigurationPlatforms) = preSolution
		Debug|Any CPU = Debug|Any CPU
		Release|Any CPU = Release|Any CPU
	EndGlobalSection
	GlobalSection(ProjectConfigurationPlatforms) = postSolution
		{5249158D-AA1A-4ACA-8559-C2E6B2D20090}.Debug|Any CPU.ActiveCfg = Debug|Any CPU
		{5249158D-AA1A-4ACA-8559-C2E6B2D20090}.Debug|Any CPU.Build.0 = Debug|Any CPU
		{5249158D-AA1A-4ACA-8559-C2E6B2D20090}.Release|Any CPU.ActiveCfg = Release|Any CPU
		{5249158D-AA1A-4ACA-8559-C2E6B2D20090}.Release|Any CPU.Build.0 = Release|Any CPU
	EndGlobalSection
	GlobalSection(SolutionProperties) = preSolution
		HideSolutionNode = FALSE
	EndGlobalSection
	GlobalSection(ExtensibilityGlobals) = postSolution
		SolutionGuid = {9F01E44B-4203-4394-828B-A9150234182A}
	EndGlobalSection
EndGlobal
